
Microsoft Visual Studio Solution File, Format Version 12.00
# Visual Studio Version 17
VisualStudioVersion = 17.0.31903.59
MinimumVisualStudioVersion = 10.0.40219.1
Project("{9A19103F-16F7-4668-BE54-9A1E7A4F7556}") = "GTFS", "GTFS\GTFS.csproj", "{81F40909-0A8A-4F2A-8F59-A54896BFAE89}"
EndProject
Project("{9A19103F-16F7-4668-BE54-9A1E7A4F7556}") = "GTFS.IO", "GTFS.IO\GTFS.IO.csproj", "{39531D68-74CF-4C1C-9271-A2C874495383}"
EndProject
Project("{9A19103F-16F7-4668-BE54-9A1E7A4F7556}") = "GTFS.DB.SQLite", "GTFS.DB.SQLite\GTFS.DB.SQLite.csproj", "{41B2BADA-85AB-4967-8511-16EEDE2301AA}"
EndProject
Project("{9A19103F-16F7-4668-BE54-9A1E7A4F7556}") = "GTFS.Test", "GTFS.Test\GTFS.Test.csproj", "{1B647AFD-FE2D-4956-9697-34E6990A6C0C}"
EndProject
Project("{9A19103F-16F7-4668-BE54-9A1E7A4F7556}") = "GTFS.Tool", "GTFS.Tool\GTFS.Tool.csproj", "{07D5B1E0-328D-47EA-A086-2F312AF7EF68}"
EndProject
Global
	GlobalSection(SolutionConfigurationPlatforms) = preSolution
		Debug|Any CPU = Debug|Any CPU
		Release|Any CPU = Release|Any CPU
	EndGlobalSection
	GlobalSection(ProjectConfigurationPlatforms) = postSolution
		{81F40909-0A8A-4F2A-8F59-A54896BFAE89}.Debug|Any CPU.ActiveCfg = Debug|Any CPU
		{81F40909-0A8A-4F2A-8F59-A54896BFAE89}.Debug|Any CPU.Build.0 = Debug|Any CPU
		{81F40909-0A8A-4F2A-8F59-A54896BFAE89}.Release|Any CPU.ActiveCfg = Release|Any CPU
		{81F40909-0A8A-4F2A-8F59-A54896BFAE89}.Release|Any CPU.Build.0 = Release|Any CPU
		{39531D68-74CF-4C1C-9271-A2C874495383}.Debug|Any CPU.ActiveCfg = Debug|Any CPU
		{39531D68-74CF-4C1C-9271-A2C874495383}.Debug|Any CPU.Build.0 = Debug|Any CPU
		{39531D68-74CF-4C1C-9271-A2C874495383}.Release|Any CPU.ActiveCfg = Release|Any CPU
		{39531D68-74CF-4C1C-9271-A2C874495383}.Release|Any CPU.Build.0 = Release|Any CPU
		{41B2BADA-85AB-4967-8511-16EEDE2301AA}.Debug|Any CPU.ActiveCfg = Debug|Any CPU
		{41B2BADA-85AB-4967-8511-16EEDE2301AA}.Debug|Any CPU.Build.0 = Debug|Any CPU
		{41B2BADA-85AB-4967-8511-16EEDE2301AA}.Release|Any CPU.ActiveCfg = Release|Any CPU
		{41B2BADA-85AB-4967-8511-16EEDE2301AA}.Release|Any CPU.Build.0 = Release|Any CPU
		{1B647AFD-FE2D-4956-9697-34E6990A6C0C}.Debug|Any CPU.ActiveCfg = Debug|Any CPU
		{1B647AFD-FE2D-4956-9697-34E6990A6C0C}.Debug|Any CPU.Build.0 = Debug|Any CPU
		{1B647AFD-FE2D-4956-9697-34E6990A6C0C}.Release|Any CPU.ActiveCfg = Release|Any CPU
		{1B647AFD-FE2D-4956-9697-34E6990A6C0C}.Release|Any CPU.Build.0 = Release|Any CPU
		{07D5B1E0-328D-47EA-A086-2F312AF7EF68}.Debug|Any CPU.ActiveCfg = Debug|Any CPU
		{07D5B1E0-328D-47EA-A086-2F312AF7EF68}.Debug|Any CPU.Build.0 = Debug|Any CPU
		{07D5B1E0-328D-47EA-A086-2F312AF7EF68}.Release|Any CPU.ActiveCfg = Release|Any CPU
		{07D5B1E0-328D-47EA-A086-2F312AF7EF68}.Release|Any CPU.Build.0 = Release|Any CPU
	EndGlobalSection
	GlobalSection(SolutionProperties) = preSolution
		HideSolutionNode = FALSE
	EndGlobalSection
EndGlobal
